// !$*UTF8*$!
{
	archiveVersion = 1;
	classes = {
	};
	objectVersion = 55;
	objects = {

/* Begin PBXBuildFile section */
		D2E561F328CF961400AEC393 /* Tests_iOS.swift in Sources */ = {isa = PBXBuildFile; fileRef = D2E561F228CF961400AEC393 /* Tests_iOS.swift */; };
		D2E561F528CF961400AEC393 /* Tests_iOSLaunchTests.swift in Sources */ = {isa = PBXBuildFile; fileRef = D2E561F428CF961400AEC393 /* Tests_iOSLaunchTests.swift */; };
		D2E561FF28CF961400AEC393 /* Tests_macOS.swift in Sources */ = {isa = PBXBuildFile; fileRef = D2E561FE28CF961400AEC393 /* Tests_macOS.swift */; };
		D2E5620128CF961400AEC393 /* Tests_macOSLaunchTests.swift in Sources */ = {isa = PBXBuildFile; fileRef = D2E5620028CF961400AEC393 /* Tests_macOSLaunchTests.swift */; };
		D2E5620228CF961400AEC393 /* RepoflexApp.swift in Sources */ = {isa = PBXBuildFile; fileRef = D2E561DA28CF961200AEC393 /* RepoflexApp.swift */; };
		D2E5620328CF961400AEC393 /* RepoflexApp.swift in Sources */ = {isa = PBXBuildFile; fileRef = D2E561DA28CF961200AEC393 /* RepoflexApp.swift */; };
		D2E5620428CF961400AEC393 /* ContentView.swift in Sources */ = {isa = PBXBuildFile; fileRef = D2E561DB28CF961200AEC393 /* ContentView.swift */; };
		D2E5620528CF961400AEC393 /* ContentView.swift in Sources */ = {isa = PBXBuildFile; fileRef = D2E561DB28CF961200AEC393 /* ContentView.swift */; };
		D2E5620628CF961400AEC393 /* Assets.xcassets in Resources */ = {isa = PBXBuildFile; fileRef = D2E561DC28CF961400AEC393 /* Assets.xcassets */; };
		D2E5620728CF961400AEC393 /* Assets.xcassets in Resources */ = {isa = PBXBuildFile; fileRef = D2E561DC28CF961400AEC393 /* Assets.xcassets */; };
/* End PBXBuildFile section */

/* Begin PBXContainerItemProxy section */
		D2E561EF28CF961400AEC393 /* PBXContainerItemProxy */ = {
			isa = PBXContainerItemProxy;
			containerPortal = D2E561D528CF961100AEC393 /* Project object */;
			proxyType = 1;
			remoteGlobalIDString = D2E561E028CF961400AEC393;
			remoteInfo = "Repoflex (iOS)";
		};
		D2E561FB28CF961400AEC393 /* PBXContainerItemProxy */ = {
			isa = PBXContainerItemProxy;
			containerPortal = D2E561D528CF961100AEC393 /* Project object */;
			proxyType = 1;
			remoteGlobalIDString = D2E561E628CF961400AEC393;
			remoteInfo = "Repoflex (macOS)";
		};
/* End PBXContainerItemProxy section */

/* Begin PBXFileReference section */
		D2E561DA28CF961200AEC393 /* RepoflexApp.swift */ = {isa = PBXFileReference; lastKnownFileType = sourcecode.swift; path = RepoflexApp.swift; sourceTree = "<group>"; };
		D2E561DB28CF961200AEC393 /* ContentView.swift */ = {isa = PBXFileReference; lastKnownFileType = sourcecode.swift; path = ContentView.swift; sourceTree = "<group>"; };
		D2E561DC28CF961400AEC393 /* Assets.xcassets */ = {isa = PBXFileReference; lastKnownFileType = folder.assetcatalog; path = Assets.xcassets; sourceTree = "<group>"; };
		D2E561E128CF961400AEC393 /* Repoflex.app */ = {isa = PBXFileReference; explicitFileType = wrapper.application; includeInIndex = 0; path = Repoflex.app; sourceTree = BUILT_PRODUCTS_DIR; };
		D2E561E728CF961400AEC393 /* Repoflex.app */ = {isa = PBXFileReference; explicitFileType = wrapper.application; includeInIndex = 0; path = Repoflex.app; sourceTree = BUILT_PRODUCTS_DIR; };
		D2E561E928CF961400AEC393 /* macOS.entitlements */ = {isa = PBXFileReference; lastKnownFileType = text.plist.entitlements; path = macOS.entitlements; sourceTree = "<group>"; };
		D2E561EE28CF961400AEC393 /* Tests iOS.xctest */ = {isa = PBXFileReference; explicitFileType = wrapper.cfbundle; includeInIndex = 0; path = "Tests iOS.xctest"; sourceTree = BUILT_PRODUCTS_DIR; };
		D2E561F228CF961400AEC393 /* Tests_iOS.swift */ = {isa = PBXFileReference; lastKnownFileType = sourcecode.swift; path = Tests_iOS.swift; sourceTree = "<group>"; };
		D2E561F428CF961400AEC393 /* Tests_iOSLaunchTests.swift */ = {isa = PBXFileReference; lastKnownFileType = sourcecode.swift; path = Tests_iOSLaunchTests.swift; sourceTree = "<group>"; };
		D2E561FA28CF961400AEC393 /* Tests macOS.xctest */ = {isa = PBXFileReference; explicitFileType = wrapper.cfbundle; includeInIndex = 0; path = "Tests macOS.xctest"; sourceTree = BUILT_PRODUCTS_DIR; };
		D2E561FE28CF961400AEC393 /* Tests_macOS.swift */ = {isa = PBXFileReference; lastKnownFileType = sourcecode.swift; path = Tests_macOS.swift; sourceTree = "<group>"; };
		D2E5620028CF961400AEC393 /* Tests_macOSLaunchTests.swift */ = {isa = PBXFileReference; lastKnownFileType = sourcecode.swift; path = Tests_macOSLaunchTests.swift; sourceTree = "<group>"; };
/* End PBXFileReference section */

/* Begin PBXFrameworksBuildPhase section */
		D2E561DE28CF961400AEC393 /* Frameworks */ = {
			isa = PBXFrameworksBuildPhase;
			buildActionMask = 2147483647;
			files = (
			);
			runOnlyForDeploymentPostprocessing = 0;
		};
		D2E561E428CF961400AEC393 /* Frameworks */ = {
			isa = PBXFrameworksBuildPhase;
			buildActionMask = 2147483647;
			files = (
			);
			runOnlyForDeploymentPostprocessing = 0;
		};
		D2E561EB28CF961400AEC393 /* Frameworks */ = {
			isa = PBXFrameworksBuildPhase;
			buildActionMask = 2147483647;
			files = (
			);
			runOnlyForDeploymentPostprocessing = 0;
		};
		D2E561F728CF961400AEC393 /* Frameworks */ = {
			isa = PBXFrameworksBuildPhase;
			buildActionMask = 2147483647;
			files = (
			);
			runOnlyForDeploymentPostprocessing = 0;
		};
/* End PBXFrameworksBuildPhase section */

/* Begin PBXGroup section */
		D2E561D428CF961100AEC393 = {
			isa = PBXGroup;
			children = (
				D2E561D928CF961200AEC393 /* Shared */,
				D2E561E828CF961400AEC393 /* macOS */,
				D2E561F128CF961400AEC393 /* Tests iOS */,
				D2E561FD28CF961400AEC393 /* Tests macOS */,
				D2E561E228CF961400AEC393 /* Products */,
			);
			sourceTree = "<group>";
		};
		D2E561D928CF961200AEC393 /* Shared */ = {
			isa = PBXGroup;
			children = (
				D2E561DA28CF961200AEC393 /* RepoflexApp.swift */,
				D2E561DB28CF961200AEC393 /* ContentView.swift */,
				D2E561DC28CF961400AEC393 /* Assets.xcassets */,
			);
			path = Shared;
			sourceTree = "<group>";
		};
		D2E561E228CF961400AEC393 /* Products */ = {
			isa = PBXGroup;
			children = (
				D2E561E128CF961400AEC393 /* Repoflex.app */,
				D2E561E728CF961400AEC393 /* Repoflex.app */,
				D2E561EE28CF961400AEC393 /* Tests iOS.xctest */,
				D2E561FA28CF961400AEC393 /* Tests macOS.xctest */,
			);
			name = Products;
			sourceTree = "<group>";
		};
		D2E561E828CF961400AEC393 /* macOS */ = {
			isa = PBXGroup;
			children = (
				D2E561E928CF961400AEC393 /* macOS.entitlements */,
			);
			path = macOS;
			sourceTree = "<group>";
		};
		D2E561F128CF961400AEC393 /* Tests iOS */ = {
			isa = PBXGroup;
			children = (
				D2E561F228CF961400AEC393 /* Tests_iOS.swift */,
				D2E561F428CF961400AEC393 /* Tests_iOSLaunchTests.swift */,
			);
			path = "Tests iOS";
			sourceTree = "<group>";
		};
		D2E561FD28CF961400AEC393 /* Tests macOS */ = {
			isa = PBXGroup;
			children = (
				D2E561FE28CF961400AEC393 /* Tests_macOS.swift */,
				D2E5620028CF961400AEC393 /* Tests_macOSLaunchTests.swift */,
			);
			path = "Tests macOS";
			sourceTree = "<group>";
		};
/* End PBXGroup section */

/* Begin PBXNativeTarget section */
		D2E561E028CF961400AEC393 /* Repoflex (iOS) */ = {
			isa = PBXNativeTarget;
			buildConfigurationList = D2E5620A28CF961400AEC393 /* Build configuration list for PBXNativeTarget "Repoflex (iOS)" */;
			buildPhases = (
				D2E561DD28CF961400AEC393 /* Sources */,
				D2E561DE28CF961400AEC393 /* Frameworks */,
				D2E561DF28CF961400AEC393 /* Resources */,
			);
			buildRules = (
			);
			dependencies = (
			);
			name = "Repoflex (iOS)";
			productName = "Repoflex (iOS)";
			productReference = D2E561E128CF961400AEC393 /* Repoflex.app */;
			productType = "com.apple.product-type.application";
		};
		D2E561E628CF961400AEC393 /* Repoflex (macOS) */ = {
			isa = PBXNativeTarget;
			buildConfigurationList = D2E5620D28CF961400AEC393 /* Build configuration list for PBXNativeTarget "Repoflex (macOS)" */;
			buildPhases = (
				D2E561E328CF961400AEC393 /* Sources */,
				D2E561E428CF961400AEC393 /* Frameworks */,
				D2E561E528CF961400AEC393 /* Resources */,
			);
			buildRules = (
			);
			dependencies = (
			);
			name = "Repoflex (macOS)";
			productName = "Repoflex (macOS)";
			productReference = D2E561E728CF961400AEC393 /* Repoflex.app */;
			productType = "com.apple.product-type.application";
		};
		D2E561ED28CF961400AEC393 /* Tests iOS */ = {
			isa = PBXNativeTarget;
			buildConfigurationList = D2E5621028CF961400AEC393 /* Build configuration list for PBXNativeTarget "Tests iOS" */;
			buildPhases = (
				D2E561EA28CF961400AEC393 /* Sources */,
				D2E561EB28CF961400AEC393 /* Frameworks */,
				D2E561EC28CF961400AEC393 /* Resources */,
			);
			buildRules = (
			);
			dependencies = (
				D2E561F028CF961400AEC393 /* PBXTargetDependency */,
			);
			name = "Tests iOS";
			productName = "Tests iOS";
			productReference = D2E561EE28CF961400AEC393 /* Tests iOS.xctest */;
			productType = "com.apple.product-type.bundle.ui-testing";
		};
		D2E561F928CF961400AEC393 /* Tests macOS */ = {
			isa = PBXNativeTarget;
			buildConfigurationList = D2E5621328CF961400AEC393 /* Build configuration list for PBXNativeTarget "Tests macOS" */;
			buildPhases = (
				D2E561F628CF961400AEC393 /* Sources */,
				D2E561F728CF961400AEC393 /* Frameworks */,
				D2E561F828CF961400AEC393 /* Resources */,
			);
			buildRules = (
			);
			dependencies = (
				D2E561FC28CF961400AEC393 /* PBXTargetDependency */,
			);
			name = "Tests macOS";
			productName = "Tests macOS";
			productReference = D2E561FA28CF961400AEC393 /* Tests macOS.xctest */;
			productType = "com.apple.product-type.bundle.ui-testing";
		};
/* End PBXNativeTarget section */

/* Begin PBXProject section */
		D2E561D528CF961100AEC393 /* Project object */ = {
			isa = PBXProject;
			attributes = {
				BuildIndependentTargetsInParallel = 1;
				LastSwiftUpdateCheck = 1340;
				LastUpgradeCheck = 1340;
				TargetAttributes = {
					D2E561E028CF961400AEC393 = {
						CreatedOnToolsVersion = 13.4.1;
					};
					D2E561E628CF961400AEC393 = {
						CreatedOnToolsVersion = 13.4.1;
					};
					D2E561ED28CF961400AEC393 = {
						CreatedOnToolsVersion = 13.4.1;
						TestTargetID = D2E561E028CF961400AEC393;
					};
					D2E561F928CF961400AEC393 = {
						CreatedOnToolsVersion = 13.4.1;
						TestTargetID = D2E561E628CF961400AEC393;
					};
				};
			};
			buildConfigurationList = D2E561D828CF961100AEC393 /* Build configuration list for PBXProject "Repoflex" */;
			compatibilityVersion = "Xcode 13.0";
			developmentRegion = en;
			hasScannedForEncodings = 0;
			knownRegions = (
				en,
				Base,
			);
			mainGroup = D2E561D428CF961100AEC393;
			productRefGroup = D2E561E228CF961400AEC393 /* Products */;
			projectDirPath = "";
			projectRoot = "";
			targets = (
				D2E561E028CF961400AEC393 /* Repoflex (iOS) */,
				D2E561E628CF961400AEC393 /* Repoflex (macOS) */,
				D2E561ED28CF961400AEC393 /* Tests iOS */,
				D2E561F928CF961400AEC393 /* Tests macOS */,
			);
		};
/* End PBXProject section */

/* Begin PBXResourcesBuildPhase section */
		D2E561DF28CF961400AEC393 /* Resources */ = {
			isa = PBXResourcesBuildPhase;
			buildActionMask = 2147483647;
			files = (
				D2E5620628CF961400AEC393 /* Assets.xcassets in Resources */,
			);
			runOnlyForDeploymentPostprocessing = 0;
		};
		D2E561E528CF961400AEC393 /* Resources */ = {
			isa = PBXResourcesBuildPhase;
			buildActionMask = 2147483647;
			files = (
				D2E5620728CF961400AEC393 /* Assets.xcassets in Resources */,
			);
			runOnlyForDeploymentPostprocessing = 0;
		};
		D2E561EC28CF961400AEC393 /* Resources */ = {
			isa = PBXResourcesBuildPhase;
			buildActionMask = 2147483647;
			files = (
			);
			runOnlyForDeploymentPostprocessing = 0;
		};
		D2E561F828CF961400AEC393 /* Resources */ = {
			isa = PBXResourcesBuildPhase;
			buildActionMask = 2147483647;
			files = (
			);
			runOnlyForDeploymentPostprocessing = 0;
		};
/* End PBXResourcesBuildPhase section */

/* Begin PBXSourcesBuildPhase section */
		D2E561DD28CF961400AEC393 /* Sources */ = {
			isa = PBXSourcesBuildPhase;
			buildActionMask = 2147483647;
			files = (
				D2E5620428CF961400AEC393 /* ContentView.swift in Sources */,
				D2E5620228CF961400AEC393 /* RepoflexApp.swift in Sources */,
			);
			runOnlyForDeploymentPostprocessing = 0;
		};
		D2E561E328CF961400AEC393 /* Sources */ = {
			isa = PBXSourcesBuildPhase;
			buildActionMask = 2147483647;
			files = (
				D2E5620528CF961400AEC393 /* ContentView.swift in Sources */,
				D2E5620328CF961400AEC393 /* RepoflexApp.swift in Sources */,
			);
			runOnlyForDeploymentPostprocessing = 0;
		};
		D2E561EA28CF961400AEC393 /* Sources */ = {
			isa = PBXSourcesBuildPhase;
			buildActionMask = 2147483647;
			files = (
				D2E561F528CF961400AEC393 /* Tests_iOSLaunchTests.swift in Sources */,
				D2E561F328CF961400AEC393 /* Tests_iOS.swift in Sources */,
			);
			runOnlyForDeploymentPostprocessing = 0;
		};
		D2E561F628CF961400AEC393 /* Sources */ = {
			isa = PBXSourcesBuildPhase;
			buildActionMask = 2147483647;
			files = (
				D2E5620128CF961400AEC393 /* Tests_macOSLaunchTests.swift in Sources */,
				D2E561FF28CF961400AEC393 /* Tests_macOS.swift in Sources */,
			);
			runOnlyForDeploymentPostprocessing = 0;
		};
/* End PBXSourcesBuildPhase section */

/* Begin PBXTargetDependency section */
		D2E561F028CF961400AEC393 /* PBXTargetDependency */ = {
			isa = PBXTargetDependency;
			target = D2E561E028CF961400AEC393 /* Repoflex (iOS) */;
			targetProxy = D2E561EF28CF961400AEC393 /* PBXContainerItemProxy */;
		};
		D2E561FC28CF961400AEC393 /* PBXTargetDependency */ = {
			isa = PBXTargetDependency;
			target = D2E561E628CF961400AEC393 /* Repoflex (macOS) */;
			targetProxy = D2E561FB28CF961400AEC393 /* PBXContainerItemProxy */;
		};
/* End PBXTargetDependency section */

/* Begin XCBuildConfiguration section */
		D2E5620828CF961400AEC393 /* Debug */ = {
			isa = XCBuildConfiguration;
			buildSettings = {
				ALWAYS_SEARCH_USER_PATHS = NO;
				CLANG_ANALYZER_NONNULL = YES;
				CLANG_ANALYZER_NUMBER_OBJECT_CONVERSION = YES_AGGRESSIVE;
				CLANG_CXX_LANGUAGE_STANDARD = "gnu++17";
				CLANG_ENABLE_MODULES = YES;
				CLANG_ENABLE_OBJC_ARC = YES;
				CLANG_ENABLE_OBJC_WEAK = YES;
				CLANG_WARN_BLOCK_CAPTURE_AUTORELEASING = YES;
				CLANG_WARN_BOOL_CONVERSION = YES;
				CLANG_WARN_COMMA = YES;
				CLANG_WARN_CONSTANT_CONVERSION = YES;
				CLANG_WARN_DEPRECATED_OBJC_IMPLEMENTATIONS = YES;
				CLANG_WARN_DIRECT_OBJC_ISA_USAGE = YES_ERROR;
				CLANG_WARN_DOCUMENTATION_COMMENTS = YES;
				CLANG_WARN_EMPTY_BODY = YES;
				CLANG_WARN_ENUM_CONVERSION = YES;
				CLANG_WARN_INFINITE_RECURSION = YES;
				CLANG_WARN_INT_CONVERSION = YES;
				CLANG_WARN_NON_LITERAL_NULL_CONVERSION = YES;
				CLANG_WARN_OBJC_IMPLICIT_RETAIN_SELF = YES;
				CLANG_WARN_OBJC_LITERAL_CONVERSION = YES;
				CLANG_WARN_OBJC_ROOT_CLASS = YES_ERROR;
				CLANG_WARN_QUOTED_INCLUDE_IN_FRAMEWORK_HEADER = YES;
				CLANG_WARN_RANGE_LOOP_ANALYSIS = YES;
				CLANG_WARN_STRICT_PROTOTYPES = YES;
				CLANG_WARN_SUSPICIOUS_MOVE = YES;
				CLANG_WARN_UNGUARDED_AVAILABILITY = YES_AGGRESSIVE;
				CLANG_WARN_UNREACHABLE_CODE = YES;
				CLANG_WARN__DUPLICATE_METHOD_MATCH = YES;
				COPY_PHASE_STRIP = NO;
				DEBUG_INFORMATION_FORMAT = dwarf;
				ENABLE_STRICT_OBJC_MSGSEND = YES;
				ENABLE_TESTABILITY = YES;
				GCC_C_LANGUAGE_STANDARD = gnu11;
				GCC_DYNAMIC_NO_PIC = NO;
				GCC_NO_COMMON_BLOCKS = YES;
				GCC_OPTIMIZATION_LEVEL = 0;
				GCC_PREPROCESSOR_DEFINITIONS = (
					"DEBUG=1",
					"$(inherited)",
				);
				GCC_WARN_64_TO_32_BIT_CONVERSION = YES;
				GCC_WARN_ABOUT_RETURN_TYPE = YES_ERROR;
				GCC_WARN_UNDECLARED_SELECTOR = YES;
				GCC_WARN_UNINITIALIZED_AUTOS = YES_AGGRESSIVE;
				GCC_WARN_UNUSED_FUNCTION = YES;
				GCC_WARN_UNUSED_VARIABLE = YES;
				MTL_ENABLE_DEBUG_INFO = INCLUDE_SOURCE;
				MTL_FAST_MATH = YES;
				ONLY_ACTIVE_ARCH = YES;
				SWIFT_ACTIVE_COMPILATION_CONDITIONS = DEBUG;
				SWIFT_OPTIMIZATION_LEVEL = "-Onone";
			};
			name = Debug;
		};
		D2E5620928CF961400AEC393 /* Release */ = {
			isa = XCBuildConfiguration;
			buildSettings = {
				ALWAYS_SEARCH_USER_PATHS = NO;
				CLANG_ANALYZER_NONNULL = YES;
				CLANG_ANALYZER_NUMBER_OBJECT_CONVERSION = YES_AGGRESSIVE;
				CLANG_CXX_LANGUAGE_STANDARD = "gnu++17";
				CLANG_ENABLE_MODULES = YES;
				CLANG_ENABLE_OBJC_ARC = YES;
				CLANG_ENABLE_OBJC_WEAK = YES;
				CLANG_WARN_BLOCK_CAPTURE_AUTORELEASING = YES;
				CLANG_WARN_BOOL_CONVERSION = YES;
				CLANG_WARN_COMMA = YES;
				CLANG_WARN_CONSTANT_CONVERSION = YES;
				CLANG_WARN_DEPRECATED_OBJC_IMPLEMENTATIONS = YES;
				CLANG_WARN_DIRECT_OBJC_ISA_USAGE = YES_ERROR;
				CLANG_WARN_DOCUMENTATION_COMMENTS = YES;
				CLANG_WARN_EMPTY_BODY = YES;
				CLANG_WARN_ENUM_CONVERSION = YES;
				CLANG_WARN_INFINITE_RECURSION = YES;
				CLANG_WARN_INT_CONVERSION = YES;
				CLANG_WARN_NON_LITERAL_NULL_CONVERSION = YES;
				CLANG_WARN_OBJC_IMPLICIT_RETAIN_SELF = YES;
				CLANG_WARN_OBJC_LITERAL_CONVERSION = YES;
				CLANG_WARN_OBJC_ROOT_CLASS = YES_ERROR;
				CLANG_WARN_QUOTED_INCLUDE_IN_FRAMEWORK_HEADER = YES;
				CLANG_WARN_RANGE_LOOP_ANALYSIS = YES;
				CLANG_WARN_STRICT_PROTOTYPES = YES;
				CLANG_WARN_SUSPICIOUS_MOVE = YES;
				CLANG_WARN_UNGUARDED_AVAILABILITY = YES_AGGRESSIVE;
				CLANG_WARN_UNREACHABLE_CODE = YES;
				CLANG_WARN__DUPLICATE_METHOD_MATCH = YES;
				COPY_PHASE_STRIP = NO;
				DEBUG_INFORMATION_FORMAT = "dwarf-with-dsym";
				ENABLE_NS_ASSERTIONS = NO;
				ENABLE_STRICT_OBJC_MSGSEND = YES;
				GCC_C_LANGUAGE_STANDARD = gnu11;
				GCC_NO_COMMON_BLOCKS = YES;
				GCC_WARN_64_TO_32_BIT_CONVERSION = YES;
				GCC_WARN_ABOUT_RETURN_TYPE = YES_ERROR;
				GCC_WARN_UNDECLARED_SELECTOR = YES;
				GCC_WARN_UNINITIALIZED_AUTOS = YES_AGGRESSIVE;
				GCC_WARN_UNUSED_FUNCTION = YES;
				GCC_WARN_UNUSED_VARIABLE = YES;
				MTL_ENABLE_DEBUG_INFO = NO;
				MTL_FAST_MATH = YES;
				SWIFT_COMPILATION_MODE = wholemodule;
				SWIFT_OPTIMIZATION_LEVEL = "-O";
			};
			name = Release;
		};
		D2E5620B28CF961400AEC393 /* Debug */ = {
			isa = XCBuildConfiguration;
			buildSettings = {
				ASSETCATALOG_COMPILER_APPICON_NAME = AppIcon;
				ASSETCATALOG_COMPILER_GLOBAL_ACCENT_COLOR_NAME = AccentColor;
				CODE_SIGN_STYLE = Automatic;
				CURRENT_PROJECT_VERSION = 1;
				DEVELOPMENT_TEAM = 7YWL6JXSQ7;
				ENABLE_PREVIEWS = YES;
				GENERATE_INFOPLIST_FILE = YES;
				INFOPLIST_KEY_UIApplicationSceneManifest_Generation = YES;
				INFOPLIST_KEY_UIApplicationSupportsIndirectInputEvents = YES;
				INFOPLIST_KEY_UILaunchScreen_Generation = YES;
				INFOPLIST_KEY_UISupportedInterfaceOrientations_iPad = "UIInterfaceOrientationPortrait UIInterfaceOrientationPortraitUpsideDown UIInterfaceOrientationLandscapeLeft UIInterfaceOrientationLandscapeRight";
				INFOPLIST_KEY_UISupportedInterfaceOrientations_iPhone = "UIInterfaceOrientationPortrait UIInterfaceOrientationLandscapeLeft UIInterfaceOrientationLandscapeRight";
				IPHONEOS_DEPLOYMENT_TARGET = 15.5;
				LD_RUNPATH_SEARCH_PATHS = (
					"$(inherited)",
					"@executable_path/Frameworks",
				);
				MARKETING_VERSION = 1.0;
				PRODUCT_BUNDLE_IDENTIFIER = com.electronico.repoflex.Repoflex;
				PRODUCT_NAME = Repoflex;
				SDKROOT = iphoneos;
				SWIFT_EMIT_LOC_STRINGS = YES;
				SWIFT_VERSION = 5.0;
				TARGETED_DEVICE_FAMILY = "1,2";
			};
			name = Debug;
		};
		D2E5620C28CF961400AEC393 /* Release */ = {
			isa = XCBuildConfiguration;
			buildSettings = {
				ASSETCATALOG_COMPILER_APPICON_NAME = AppIcon;
				ASSETCATALOG_COMPILER_GLOBAL_ACCENT_COLOR_NAME = AccentColor;
				CODE_SIGN_STYLE = Automatic;
				CURRENT_PROJECT_VERSION = 1;
				DEVELOPMENT_TEAM = 7YWL6JXSQ7;
				ENABLE_PREVIEWS = YES;
				GENERATE_INFOPLIST_FILE = YES;
				INFOPLIST_KEY_UIApplicationSceneManifest_Generation = YES;
				INFOPLIST_KEY_UIApplicationSupportsIndirectInputEvents = YES;
				INFOPLIST_KEY_UILaunchScreen_Generation = YES;
				INFOPLIST_KEY_UISupportedInterfaceOrientations_iPad = "UIInterfaceOrientationPortrait UIInterfaceOrientationPortraitUpsideDown UIInterfaceOrientationLandscapeLeft UIInterfaceOrientationLandscapeRight";
				INFOPLIST_KEY_UISupportedInterfaceOrientations_iPhone = "UIInterfaceOrientationPortrait UIInterfaceOrientationLandscapeLeft UIInterfaceOrientationLandscapeRight";
				IPHONEOS_DEPLOYMENT_TARGET = 15.5;
				LD_RUNPATH_SEARCH_PATHS = (
					"$(inherited)",
					"@executable_path/Frameworks",
				);
				MARKETING_VERSION = 1.0;
				PRODUCT_BUNDLE_IDENTIFIER = com.electronico.repoflex.Repoflex;
				PRODUCT_NAME = Repoflex;
				SDKROOT = iphoneos;
				SWIFT_EMIT_LOC_STRINGS = YES;
				SWIFT_VERSION = 5.0;
				TARGETED_DEVICE_FAMILY = "1,2";
				VALIDATE_PRODUCT = YES;
			};
			name = Release;
		};
		D2E5620E28CF961400AEC393 /* Debug */ = {
			isa = XCBuildConfiguration;
			buildSettings = {
				ASSETCATALOG_COMPILER_APPICON_NAME = AppIcon;
				ASSETCATALOG_COMPILER_GLOBAL_ACCENT_COLOR_NAME = AccentColor;
				CODE_SIGN_ENTITLEMENTS = macOS/macOS.entitlements;
				CODE_SIGN_STYLE = Automatic;
				COMBINE_HIDPI_IMAGES = YES;
				CURRENT_PROJECT_VERSION = 1;
				DEVELOPMENT_TEAM = 7YWL6JXSQ7;
				ENABLE_HARDENED_RUNTIME = YES;
				ENABLE_PREVIEWS = YES;
				GENERATE_INFOPLIST_FILE = YES;
				INFOPLIST_KEY_NSHumanReadableCopyright = "";
				LD_RUNPATH_SEARCH_PATHS = (
					"$(inherited)",
					"@executable_path/../Frameworks",
				);
				MACOSX_DEPLOYMENT_TARGET = 12.3;
				MARKETING_VERSION = 1.0;
				PRODUCT_BUNDLE_IDENTIFIER = com.electronico.repoflex.Repoflex;
				PRODUCT_NAME = Repoflex;
				SDKROOT = macosx;
				SWIFT_EMIT_LOC_STRINGS = YES;
				SWIFT_VERSION = 5.0;
			};
			name = Debug;
		};
		D2E5620F28CF961400AEC393 /* Release */ = {
			isa = XCBuildConfiguration;
			buildSettings = {
				ASSETCATALOG_COMPILER_APPICON_NAME = AppIcon;
				ASSETCATALOG_COMPILER_GLOBAL_ACCENT_COLOR_NAME = AccentColor;
				CODE_SIGN_ENTITLEMENTS = macOS/macOS.entitlements;
				CODE_SIGN_STYLE = Automatic;
				COMBINE_HIDPI_IMAGES = YES;
				CURRENT_PROJECT_VERSION = 1;
				DEVELOPMENT_TEAM = 7YWL6JXSQ7;
				ENABLE_HARDENED_RUNTIME = YES;
				ENABLE_PREVIEWS = YES;
				GENERATE_INFOPLIST_FILE = YES;
				INFOPLIST_KEY_NSHumanReadableCopyright = "";
				LD_RUNPATH_SEARCH_PATHS = (
					"$(inherited)",
					"@executable_path/../Frameworks",
				);
				MACOSX_DEPLOYMENT_TARGET = 12.3;
				MARKETING_VERSION = 1.0;
				PRODUCT_BUNDLE_IDENTIFIER = com.electronico.repoflex.Repoflex;
				PRODUCT_NAME = Repoflex;
				SDKROOT = macosx;
				SWIFT_EMIT_LOC_STRINGS = YES;
				SWIFT_VERSION = 5.0;
			};
			name = Release;
		};
		D2E5621128CF961400AEC393 /* Debug */ = {
			isa = XCBuildConfiguration;
			buildSettings = {
				ALWAYS_EMBED_SWIFT_STANDARD_LIBRARIES = YES;
				CODE_SIGN_STYLE = Automatic;
				CURRENT_PROJECT_VERSION = 1;
				DEVELOPMENT_TEAM = 7YWL6JXSQ7;
				GENERATE_INFOPLIST_FILE = YES;
				IPHONEOS_DEPLOYMENT_TARGET = 15.5;
				MARKETING_VERSION = 1.0;
				PRODUCT_BUNDLE_IDENTIFIER = "com.electronico.repoflex.Tests-iOS";
				PRODUCT_NAME = "$(TARGET_NAME)";
				SDKROOT = iphoneos;
				SWIFT_EMIT_LOC_STRINGS = NO;
				SWIFT_VERSION = 5.0;
				TARGETED_DEVICE_FAMILY = "1,2";
				TEST_TARGET_NAME = "Repoflex (iOS)";
			};
			name = Debug;
		};
		D2E5621228CF961400AEC393 /* Release */ = {
			isa = XCBuildConfiguration;
			buildSettings = {
				ALWAYS_EMBED_SWIFT_STANDARD_LIBRARIES = YES;
				CODE_SIGN_STYLE = Automatic;
				CURRENT_PROJECT_VERSION = 1;
				DEVELOPMENT_TEAM = 7YWL6JXSQ7;
				GENERATE_INFOPLIST_FILE = YES;
				IPHONEOS_DEPLOYMENT_TARGET = 15.5;
				MARKETING_VERSION = 1.0;
				PRODUCT_BUNDLE_IDENTIFIER = "com.electronico.repoflex.Tests-iOS";
				PRODUCT_NAME = "$(TARGET_NAME)";
				SDKROOT = iphoneos;
				SWIFT_EMIT_LOC_STRINGS = NO;
				SWIFT_VERSION = 5.0;
				TARGETED_DEVICE_FAMILY = "1,2";
				TEST_TARGET_NAME = "Repoflex (iOS)";
				VALIDATE_PRODUCT = YES;
			};
			name = Release;
		};
		D2E5621428CF961400AEC393 /* Debug */ = {
			isa = XCBuildConfiguration;
			buildSettings = {
				ALWAYS_EMBED_SWIFT_STANDARD_LIBRARIES = YES;
				CODE_SIGN_STYLE = Automatic;
				CURRENT_PROJECT_VERSION = 1;
				DEVELOPMENT_TEAM = 7YWL6JXSQ7;
				GENERATE_INFOPLIST_FILE = YES;
				MACOSX_DEPLOYMENT_TARGET = 12.3;
				MARKETING_VERSION = 1.0;
				PRODUCT_BUNDLE_IDENTIFIER = "com.electronico.repoflex.Tests-macOS";
				PRODUCT_NAME = "$(TARGET_NAME)";
				SDKROOT = macosx;
				SWIFT_EMIT_LOC_STRINGS = NO;
				SWIFT_VERSION = 5.0;
				TEST_TARGET_NAME = "Repoflex (macOS)";
			};
			name = Debug;
		};
		D2E5621528CF961400AEC393 /* Release */ = {
			isa = XCBuildConfiguration;
			buildSettings = {
				ALWAYS_EMBED_SWIFT_STANDARD_LIBRARIES = YES;
				CODE_SIGN_STYLE = Automatic;
				CURRENT_PROJECT_VERSION = 1;
				DEVELOPMENT_TEAM = 7YWL6JXSQ7;
				GENERATE_INFOPLIST_FILE = YES;
				MACOSX_DEPLOYMENT_TARGET = 12.3;
				MARKETING_VERSION = 1.0;
				PRODUCT_BUNDLE_IDENTIFIER = "com.electronico.repoflex.Tests-macOS";
				PRODUCT_NAME = "$(TARGET_NAME)";
				SDKROOT = macosx;
				SWIFT_EMIT_LOC_STRINGS = NO;
				SWIFT_VERSION = 5.0;
				TEST_TARGET_NAME = "Repoflex (macOS)";
			};
			name = Release;
		};
/* End XCBuildConfiguration section */

/* Begin XCConfigurationList section */
		D2E561D828CF961100AEC393 /* Build configuration list for PBXProject "Repoflex" */ = {
			isa = XCConfigurationList;
			buildConfigurations = (
				D2E5620828CF961400AEC393 /* Debug */,
				D2E5620928CF961400AEC393 /* Release */,
			);
			defaultConfigurationIsVisible = 0;
			defaultConfigurationName = Release;
		};
		D2E5620A28CF961400AEC393 /* Build configuration list for PBXNativeTarget "Repoflex (iOS)" */ = {
			isa = XCConfigurationList;
			buildConfigurations = (
				D2E5620B28CF961400AEC393 /* Debug */,
				D2E5620C28CF961400AEC393 /* Release */,
			);
			defaultConfigurationIsVisible = 0;
			defaultConfigurationName = Release;
		};
		D2E5620D28CF961400AEC393 /* Build configuration list for PBXNativeTarget "Repoflex (macOS)" */ = {
			isa = XCConfigurationList;
			buildConfigurations = (
				D2E5620E28CF961400AEC393 /* Debug */,
				D2E5620F28CF961400AEC393 /* Release */,
			);
			defaultConfigurationIsVisible = 0;
			defaultConfigurationName = Release;
		};
		D2E5621028CF961400AEC393 /* Build configuration list for PBXNativeTarget "Tests iOS" */ = {
			isa = XCConfigurationList;
			buildConfigurations = (
				D2E5621128CF961400AEC393 /* Debug */,
				D2E5621228CF961400AEC393 /* Release */,
			);
			defaultConfigurationIsVisible = 0;
			defaultConfigurationName = Release;
		};
		D2E5621328CF961400AEC393 /* Build configuration list for PBXNativeTarget "Tests macOS" */ = {
			isa = XCConfigurationList;
			buildConfigurations = (
				D2E5621428CF961400AEC393 /* Debug */,
				D2E5621528CF961400AEC393 /* Release */,
			);
			defaultConfigurationIsVisible = 0;
			defaultConfigurationName = Release;
		};
/* End XCConfigurationList section */
	};
	rootObject = D2E561D528CF961100AEC393 /* Project object */;
}
